// !$*UTF8*$!
{
	archiveVersion = 1;
	classes = {
	};
	objectVersion = 46;
	objects = {

/* Begin PBXBuildFile section */
		7E610F9F1B13D841008E2E57 /* AppDelegate.swift in Sources */ = {isa = PBXBuildFile; fileRef = 7E610F9E1B13D841008E2E57 /* AppDelegate.swift */; };
		7E610FA11B13D841008E2E57 /* ViewController.swift in Sources */ = {isa = PBXBuildFile; fileRef = 7E610FA01B13D841008E2E57 /* ViewController.swift */; };
		7E610FA41B13D841008E2E57 /* Main.storyboard in Resources */ = {isa = PBXBuildFile; fileRef = 7E610FA21B13D841008E2E57 /* Main.storyboard */; };
		7E610FA61B13D841008E2E57 /* Images.xcassets in Resources */ = {isa = PBXBuildFile; fileRef = 7E610FA51B13D841008E2E57 /* Images.xcassets */; };
		7E610FA91B13D841008E2E57 /* LaunchScreen.xib in Resources */ = {isa = PBXBuildFile; fileRef = 7E610FA71B13D841008E2E57 /* LaunchScreen.xib */; };
		7E610FB51B13D841008E2E57 /* UsingBraintreeCarthageTests.swift in Sources */ = {isa = PBXBuildFile; fileRef = 7E610FB41B13D841008E2E57 /* UsingBraintreeCarthageTests.swift */; };
		7E610FBF1B13D9AC008E2E57 /* Braintree.framework in Frameworks */ = {isa = PBXBuildFile; fileRef = 7E610FBE1B13D9AC008E2E57 /* Braintree.framework */; };
		7E610FC01B13D9AC008E2E57 /* Braintree.framework in Embed Frameworks */ = {isa = PBXBuildFile; fileRef = 7E610FBE1B13D9AC008E2E57 /* Braintree.framework */; settings = {ATTRIBUTES = (CodeSignOnCopy, RemoveHeadersOnCopy, ); }; };
		7E610FC41B13D9C4008E2E57 /* Temp.m in Sources */ = {isa = PBXBuildFile; fileRef = 7E610FC31B13D9C4008E2E57 /* Temp.m */; };
/* End PBXBuildFile section */

/* Begin PBXContainerItemProxy section */
		7E610FAF1B13D841008E2E57 /* PBXContainerItemProxy */ = {
			isa = PBXContainerItemProxy;
			containerPortal = 7E610F911B13D841008E2E57 /* Project object */;
			proxyType = 1;
			remoteGlobalIDString = 7E610F981B13D841008E2E57;
			remoteInfo = UsingBraintreeCarthage;
		};
/* End PBXContainerItemProxy section */

/* Begin PBXCopyFilesBuildPhase section */
		7E610FC11B13D9AD008E2E57 /* Embed Frameworks */ = {
			isa = PBXCopyFilesBuildPhase;
			buildActionMask = 2147483647;
			dstPath = "";
			dstSubfolderSpec = 10;
			files = (
				7E610FC01B13D9AC008E2E57 /* Braintree.framework in Embed Frameworks */,
			);
			name = "Embed Frameworks";
			runOnlyForDeploymentPostprocessing = 0;
		};
/* End PBXCopyFilesBuildPhase section */

/* Begin PBXFileReference section */
		7E610F991B13D841008E2E57 /* UsingBraintreeWithSwift.app */ = {isa = PBXFileReference; explicitFileType = wrapper.application; includeInIndex = 0; path = UsingBraintreeWithSwift.app; sourceTree = BUILT_PRODUCTS_DIR; };
		7E610F9D1B13D841008E2E57 /* Info.plist */ = {isa = PBXFileReference; lastKnownFileType = text.plist.xml; path = Info.plist; sourceTree = "<group>"; };
		7E610F9E1B13D841008E2E57 /* AppDelegate.swift */ = {isa = PBXFileReference; lastKnownFileType = sourcecode.swift; path = AppDelegate.swift; sourceTree = "<group>"; };
		7E610FA01B13D841008E2E57 /* ViewController.swift */ = {isa = PBXFileReference; lastKnownFileType = sourcecode.swift; path = ViewController.swift; sourceTree = "<group>"; };
		7E610FA31B13D841008E2E57 /* Base */ = {isa = PBXFileReference; lastKnownFileType = file.storyboard; name = Base; path = Base.lproj/Main.storyboard; sourceTree = "<group>"; };
		7E610FA51B13D841008E2E57 /* Images.xcassets */ = {isa = PBXFileReference; lastKnownFileType = folder.assetcatalog; path = Images.xcassets; sourceTree = "<group>"; };
		7E610FA81B13D841008E2E57 /* Base */ = {isa = PBXFileReference; lastKnownFileType = file.xib; name = Base; path = Base.lproj/LaunchScreen.xib; sourceTree = "<group>"; };
		7E610FAE1B13D841008E2E57 /* UsingBraintreeWithSwiftTests.xctest */ = {isa = PBXFileReference; explicitFileType = wrapper.cfbundle; includeInIndex = 0; path = UsingBraintreeWithSwiftTests.xctest; sourceTree = BUILT_PRODUCTS_DIR; };
		7E610FB31B13D841008E2E57 /* Info.plist */ = {isa = PBXFileReference; lastKnownFileType = text.plist.xml; path = Info.plist; sourceTree = "<group>"; };
		7E610FB41B13D841008E2E57 /* UsingBraintreeCarthageTests.swift */ = {isa = PBXFileReference; lastKnownFileType = sourcecode.swift; path = UsingBraintreeCarthageTests.swift; sourceTree = "<group>"; };
		7E610FBE1B13D9AC008E2E57 /* Braintree.framework */ = {isa = PBXFileReference; lastKnownFileType = wrapper.framework; name = Braintree.framework; path = Carthage/Build/iOS/Braintree.framework; sourceTree = "<group>"; };
		7E610FC21B13D9C4008E2E57 /* UsingBraintreeCarthage-Bridging-Header.h */ = {isa = PBXFileReference; lastKnownFileType = sourcecode.c.h; path = "UsingBraintreeCarthage-Bridging-Header.h"; sourceTree = "<group>"; };
		7E610FC31B13D9C4008E2E57 /* Temp.m */ = {isa = PBXFileReference; fileEncoding = 4; lastKnownFileType = sourcecode.c.objc; path = Temp.m; sourceTree = "<group>"; };
/* End PBXFileReference section */

/* Begin PBXFrameworksBuildPhase section */
		7E610F961B13D841008E2E57 /* Frameworks */ = {
			isa = PBXFrameworksBuildPhase;
			buildActionMask = 2147483647;
			files = (
				7E610FBF1B13D9AC008E2E57 /* Braintree.framework in Frameworks */,
			);
			runOnlyForDeploymentPostprocessing = 0;
		};
		7E610FAB1B13D841008E2E57 /* Frameworks */ = {
			isa = PBXFrameworksBuildPhase;
			buildActionMask = 2147483647;
			files = (
			);
			runOnlyForDeploymentPostprocessing = 0;
		};
/* End PBXFrameworksBuildPhase section */

/* Begin PBXGroup section */
		7E610F901B13D841008E2E57 = {
			isa = PBXGroup;
			children = (
				7E610FBE1B13D9AC008E2E57 /* Braintree.framework */,
				7E610F9B1B13D841008E2E57 /* UsingBraintreeCarthage */,
				7E610FB11B13D841008E2E57 /* UsingBraintreeCarthageTests */,
				7E610F9A1B13D841008E2E57 /* Products */,
			);
			sourceTree = "<group>";
		};
		7E610F9A1B13D841008E2E57 /* Products */ = {
			isa = PBXGroup;
			children = (
				7E610F991B13D841008E2E57 /* UsingBraintreeWithSwift.app */,
				7E610FAE1B13D841008E2E57 /* UsingBraintreeWithSwiftTests.xctest */,
			);
			name = Products;
			sourceTree = "<group>";
		};
		7E610F9B1B13D841008E2E57 /* UsingBraintreeCarthage */ = {
			isa = PBXGroup;
			children = (
				7E610F9E1B13D841008E2E57 /* AppDelegate.swift */,
				7E610FA01B13D841008E2E57 /* ViewController.swift */,
				7E610FA21B13D841008E2E57 /* Main.storyboard */,
				7E610FA51B13D841008E2E57 /* Images.xcassets */,
				7E610FA71B13D841008E2E57 /* LaunchScreen.xib */,
				7E610F9C1B13D841008E2E57 /* Supporting Files */,
				7E610FC31B13D9C4008E2E57 /* Temp.m */,
				7E610FC21B13D9C4008E2E57 /* UsingBraintreeCarthage-Bridging-Header.h */,
			);
			path = UsingBraintreeCarthage;
			sourceTree = "<group>";
		};
		7E610F9C1B13D841008E2E57 /* Supporting Files */ = {
			isa = PBXGroup;
			children = (
				7E610F9D1B13D841008E2E57 /* Info.plist */,
			);
			name = "Supporting Files";
			sourceTree = "<group>";
		};
		7E610FB11B13D841008E2E57 /* UsingBraintreeCarthageTests */ = {
			isa = PBXGroup;
			children = (
				7E610FB41B13D841008E2E57 /* UsingBraintreeCarthageTests.swift */,
				7E610FB21B13D841008E2E57 /* Supporting Files */,
			);
			path = UsingBraintreeCarthageTests;
			sourceTree = "<group>";
		};
		7E610FB21B13D841008E2E57 /* Supporting Files */ = {
			isa = PBXGroup;
			children = (
				7E610FB31B13D841008E2E57 /* Info.plist */,
			);
			name = "Supporting Files";
			sourceTree = "<group>";
		};
/* End PBXGroup section */

/* Begin PBXNativeTarget section */
		7E610F981B13D841008E2E57 /* UsingBraintreeWithSwift */ = {
			isa = PBXNativeTarget;
			buildConfigurationList = 7E610FB81B13D841008E2E57 /* Build configuration list for PBXNativeTarget "UsingBraintreeWithSwift" */;
			buildPhases = (
				7E610F951B13D841008E2E57 /* Sources */,
				7E610F961B13D841008E2E57 /* Frameworks */,
				7E610F971B13D841008E2E57 /* Resources */,
				7E610FC11B13D9AD008E2E57 /* Embed Frameworks */,
			);
			buildRules = (
			);
			dependencies = (
			);
			name = UsingBraintreeWithSwift;
			productName = UsingBraintreeCarthage;
			productReference = 7E610F991B13D841008E2E57 /* UsingBraintreeWithSwift.app */;
			productType = "com.apple.product-type.application";
		};
		7E610FAD1B13D841008E2E57 /* UsingBraintreeWithSwiftTests */ = {
			isa = PBXNativeTarget;
			buildConfigurationList = 7E610FBB1B13D841008E2E57 /* Build configuration list for PBXNativeTarget "UsingBraintreeWithSwiftTests" */;
			buildPhases = (
				7E610FAA1B13D841008E2E57 /* Sources */,
				7E610FAB1B13D841008E2E57 /* Frameworks */,
				7E610FAC1B13D841008E2E57 /* Resources */,
			);
			buildRules = (
			);
			dependencies = (
				7E610FB01B13D841008E2E57 /* PBXTargetDependency */,
			);
			name = UsingBraintreeWithSwiftTests;
			productName = UsingBraintreeCarthageTests;
			productReference = 7E610FAE1B13D841008E2E57 /* UsingBraintreeWithSwiftTests.xctest */;
			productType = "com.apple.product-type.bundle.unit-test";
		};
/* End PBXNativeTarget section */

/* Begin PBXProject section */
		7E610F911B13D841008E2E57 /* Project object */ = {
			isa = PBXProject;
			attributes = {
				LastUpgradeCheck = 0640;
				ORGANIZATIONNAME = "Evgenii Neumerzhitckii";
				TargetAttributes = {
					7E610F981B13D841008E2E57 = {
						CreatedOnToolsVersion = 6.4;
					};
					7E610FAD1B13D841008E2E57 = {
						CreatedOnToolsVersion = 6.4;
						TestTargetID = 7E610F981B13D841008E2E57;
					};
				};
			};
			buildConfigurationList = 7E610F941B13D841008E2E57 /* Build configuration list for PBXProject "UsingBraintreeWithSwift" */;
			compatibilityVersion = "Xcode 3.2";
			developmentRegion = English;
			hasScannedForEncodings = 0;
			knownRegions = (
				en,
				Base,
			);
			mainGroup = 7E610F901B13D841008E2E57;
			productRefGroup = 7E610F9A1B13D841008E2E57 /* Products */;
			projectDirPath = "";
			projectRoot = "";
			targets = (
				7E610F981B13D841008E2E57 /* UsingBraintreeWithSwift */,
				7E610FAD1B13D841008E2E57 /* UsingBraintreeWithSwiftTests */,
			);
		};
/* End PBXProject section */

/* Begin PBXResourcesBuildPhase section */
		7E610F971B13D841008E2E57 /* Resources */ = {
			isa = PBXResourcesBuildPhase;
			buildActionMask = 2147483647;
			files = (
				7E610FA41B13D841008E2E57 /* Main.storyboard in Resources */,
				7E610FA91B13D841008E2E57 /* LaunchScreen.xib in Resources */,
				7E610FA61B13D841008E2E57 /* Images.xcassets in Resources */,
			);
			runOnlyForDeploymentPostprocessing = 0;
		};
		7E610FAC1B13D841008E2E57 /* Resources */ = {
			isa = PBXResourcesBuildPhase;
			buildActionMask = 2147483647;
			files = (
			);
			runOnlyForDeploymentPostprocessing = 0;
		};
/* End PBXResourcesBuildPhase section */

/* Begin PBXSourcesBuildPhase section */
		7E610F951B13D841008E2E57 /* Sources */ = {
			isa = PBXSourcesBuildPhase;
			buildActionMask = 2147483647;
			files = (
				7E610FA11B13D841008E2E57 /* ViewController.swift in Sources */,
				7E610FC41B13D9C4008E2E57 /* Temp.m in Sources */,
				7E610F9F1B13D841008E2E57 /* AppDelegate.swift in Sources */,
			);
			runOnlyForDeploymentPostprocessing = 0;
		};
		7E610FAA1B13D841008E2E57 /* Sources */ = {
			isa = PBXSourcesBuildPhase;
			buildActionMask = 2147483647;
			files = (
				7E610FB51B13D841008E2E57 /* UsingBraintreeCarthageTests.swift in Sources */,
			);
			runOnlyForDeploymentPostprocessing = 0;
		};
/* End PBXSourcesBuildPhase section */

/* Begin PBXTargetDependency section */
		7E610FB01B13D841008E2E57 /* PBXTargetDependency */ = {
			isa = PBXTargetDependency;
			target = 7E610F981B13D841008E2E57 /* UsingBraintreeWithSwift */;
			targetProxy = 7E610FAF1B13D841008E2E57 /* PBXContainerItemProxy */;
		};
/* End PBXTargetDependency section */

/* Begin PBXVariantGroup section */
		7E610FA21B13D841008E2E57 /* Main.storyboard */ = {
			isa = PBXVariantGroup;
			children = (
				7E610FA31B13D841008E2E57 /* Base */,
			);
			name = Main.storyboard;
			sourceTree = "<group>";
		};
		7E610FA71B13D841008E2E57 /* LaunchScreen.xib */ = {
			isa = PBXVariantGroup;
			children = (
				7E610FA81B13D841008E2E57 /* Base */,
			);
			name = LaunchScreen.xib;
			sourceTree = "<group>";
		};
/* End PBXVariantGroup section */

/* Begin XCBuildConfiguration section */
		7E610FB61B13D841008E2E57 /* Debug */ = {
			isa = XCBuildConfiguration;
			buildSettings = {
				ALWAYS_SEARCH_USER_PATHS = NO;
				CLANG_CXX_LANGUAGE_STANDARD = "gnu++0x";
				CLANG_CXX_LIBRARY = "libc++";
				CLANG_ENABLE_MODULES = YES;
				CLANG_ENABLE_OBJC_ARC = YES;
				CLANG_WARN_BOOL_CONVERSION = YES;
				CLANG_WARN_CONSTANT_CONVERSION = YES;
				CLANG_WARN_DIRECT_OBJC_ISA_USAGE = YES_ERROR;
				CLANG_WARN_EMPTY_BODY = YES;
				CLANG_WARN_ENUM_CONVERSION = YES;
				CLANG_WARN_INT_CONVERSION = YES;
				CLANG_WARN_OBJC_ROOT_CLASS = YES_ERROR;
				CLANG_WARN_UNREACHABLE_CODE = YES;
				CLANG_WARN__DUPLICATE_METHOD_MATCH = YES;
				"CODE_SIGN_IDENTITY[sdk=iphoneos*]" = "iPhone Developer";
				COPY_PHASE_STRIP = NO;
				DEBUG_INFORMATION_FORMAT = "dwarf-with-dsym";
				ENABLE_STRICT_OBJC_MSGSEND = YES;
				GCC_C_LANGUAGE_STANDARD = gnu99;
				GCC_DYNAMIC_NO_PIC = NO;
				GCC_NO_COMMON_BLOCKS = YES;
				GCC_OPTIMIZATION_LEVEL = 0;
				GCC_PREPROCESSOR_DEFINITIONS = (
					"DEBUG=1",
					"$(inherited)",
				);
				GCC_SYMBOLS_PRIVATE_EXTERN = NO;
				GCC_WARN_64_TO_32_BIT_CONVERSION = YES;
				GCC_WARN_ABOUT_RETURN_TYPE = YES_ERROR;
				GCC_WARN_UNDECLARED_SELECTOR = YES;
				GCC_WARN_UNINITIALIZED_AUTOS = YES_AGGRESSIVE;
				GCC_WARN_UNUSED_FUNCTION = YES;
				GCC_WARN_UNUSED_VARIABLE = YES;
				IPHONEOS_DEPLOYMENT_TARGET = 8.0;
				MTL_ENABLE_DEBUG_INFO = YES;
				ONLY_ACTIVE_ARCH = YES;
				SDKROOT = iphoneos;
				SWIFT_OPTIMIZATION_LEVEL = "-Onone";
				TARGETED_DEVICE_FAMILY = "1,2";
			};
			name = Debug;
		};
		7E610FB71B13D841008E2E57 /* Release */ = {
			isa = XCBuildConfiguration;
			buildSettings = {
				ALWAYS_SEARCH_USER_PATHS = NO;
				CLANG_CXX_LANGUAGE_STANDARD = "gnu++0x";
				CLANG_CXX_LIBRARY = "libc++";
				CLANG_ENABLE_MODULES = YES;
				CLANG_ENABLE_OBJC_ARC = YES;
				CLANG_WARN_BOOL_CONVERSION = YES;
				CLANG_WARN_CONSTANT_CONVERSION = YES;
				CLANG_WARN_DIRECT_OBJC_ISA_USAGE = YES_ERROR;
				CLANG_WARN_EMPTY_BODY = YES;
				CLANG_WARN_ENUM_CONVERSION = YES;
				CLANG_WARN_INT_CONVERSION = YES;
				CLANG_WARN_OBJC_ROOT_CLASS = YES_ERROR;
				CLANG_WARN_UNREACHABLE_CODE = YES;
				CLANG_WARN__DUPLICATE_METHOD_MATCH = YES;
				"CODE_SIGN_IDENTITY[sdk=iphoneos*]" = "iPhone Developer";
				COPY_PHASE_STRIP = NO;
				DEBUG_INFORMATION_FORMAT = "dwarf-with-dsym";
				ENABLE_NS_ASSERTIONS = NO;
				ENABLE_STRICT_OBJC_MSGSEND = YES;
				GCC_C_LANGUAGE_STANDARD = gnu99;
				GCC_NO_COMMON_BLOCKS = YES;
				GCC_WARN_64_TO_32_BIT_CONVERSION = YES;
				GCC_WARN_ABOUT_RETURN_TYPE = YES_ERROR;
				GCC_WARN_UNDECLARED_SELECTOR = YES;
				GCC_WARN_UNINITIALIZED_AUTOS = YES_AGGRESSIVE;
				GCC_WARN_UNUSED_FUNCTION = YES;
				GCC_WARN_UNUSED_VARIABLE = YES;
				IPHONEOS_DEPLOYMENT_TARGET = 8.0;
				MTL_ENABLE_DEBUG_INFO = NO;
				SDKROOT = iphoneos;
				TARGETED_DEVICE_FAMILY = "1,2";
				VALIDATE_PRODUCT = YES;
			};
			name = Release;
		};
		7E610FB91B13D841008E2E57 /* Debug */ = {
			isa = XCBuildConfiguration;
			buildSettings = {
				ASSETCATALOG_COMPILER_APPICON_NAME = AppIcon;
				CLANG_ENABLE_MODULES = YES;
				FRAMEWORK_SEARCH_PATHS = (
					"$(inherited)",
					"$(PROJECT_DIR)/Carthage/Build/iOS",
				);
				INFOPLIST_FILE = UsingBraintreeCarthage/Info.plist;
				LD_RUNPATH_SEARCH_PATHS = "$(inherited) @executable_path/Frameworks";
				PRODUCT_NAME = UsingBraintreeWithSwift;
				SWIFT_OBJC_BRIDGING_HEADER = "UsingBraintreeCarthage/UsingBraintreeCarthage-Bridging-Header.h";
				SWIFT_OPTIMIZATION_LEVEL = "-Onone";
			};
			name = Debug;
		};
		7E610FBA1B13D841008E2E57 /* Release */ = {
			isa = XCBuildConfiguration;
			buildSettings = {
				ASSETCATALOG_COMPILER_APPICON_NAME = AppIcon;
				CLANG_ENABLE_MODULES = YES;
				FRAMEWORK_SEARCH_PATHS = (
					"$(inherited)",
					"$(PROJECT_DIR)/Carthage/Build/iOS",
				);
				INFOPLIST_FILE = UsingBraintreeCarthage/Info.plist;
				LD_RUNPATH_SEARCH_PATHS = "$(inherited) @executable_path/Frameworks";
				PRODUCT_NAME = UsingBraintreeWithSwift;
				SWIFT_OBJC_BRIDGING_HEADER = "UsingBraintreeCarthage/UsingBraintreeCarthage-Bridging-Header.h";
			};
			name = Release;
		};
		7E610FBC1B13D841008E2E57 /* Debug */ = {
			isa = XCBuildConfiguration;
			buildSettings = {
				BUNDLE_LOADER = "$(TEST_HOST)";
				FRAMEWORK_SEARCH_PATHS = (
					"$(SDKROOT)/Developer/Library/Frameworks",
					"$(inherited)",
				);
				GCC_PREPROCESSOR_DEFINITIONS = (
					"DEBUG=1",
					"$(inherited)",
				);
				INFOPLIST_FILE = UsingBraintreeCarthageTests/Info.plist;
				LD_RUNPATH_SEARCH_PATHS = "$(inherited) @executable_path/Frameworks @loader_path/Frameworks";
				PRODUCT_NAME = UsingBraintreeWithSwiftTests;
				TEST_HOST = "$(BUILT_PRODUCTS_DIR)/UsingBraintreeWithSwift.app/UsingBraintreeWithSwift";
			};
			name = Debug;
		};
		7E610FBD1B13D841008E2E57 /* Release */ = {
			isa = XCBuildConfiguration;
			buildSettings = {
				BUNDLE_LOADER = "$(TEST_HOST)";
				FRAMEWORK_SEARCH_PATHS = (
					"$(SDKROOT)/Developer/Library/Frameworks",
					"$(inherited)",
				);
				INFOPLIST_FILE = UsingBraintreeCarthageTests/Info.plist;
				LD_RUNPATH_SEARCH_PATHS = "$(inherited) @executable_path/Frameworks @loader_path/Frameworks";
				PRODUCT_NAME = UsingBraintreeWithSwiftTests;
				TEST_HOST = "$(BUILT_PRODUCTS_DIR)/UsingBraintreeWithSwift.app/UsingBraintreeWithSwift";
			};
			name = Release;
		};
/* End XCBuildConfiguration section */

/* Begin XCConfigurationList section */
		7E610F941B13D841008E2E57 /* Build configuration list for PBXProject "UsingBraintreeWithSwift" */ = {
			isa = XCConfigurationList;
			buildConfigurations = (
				7E610FB61B13D841008E2E57 /* Debug */,
				7E610FB71B13D841008E2E57 /* Release */,
			);
			defaultConfigurationIsVisible = 0;
			defaultConfigurationName = Release;
		};
		7E610FB81B13D841008E2E57 /* Build configuration list for PBXNativeTarget "UsingBraintreeWithSwift" */ = {
			isa = XCConfigurationList;
			buildConfigurations = (
				7E610FB91B13D841008E2E57 /* Debug */,
				7E610FBA1B13D841008E2E57 /* Release */,
			);
			defaultConfigurationIsVisible = 0;
			defaultConfigurationName = Release;
		};
		7E610FBB1B13D841008E2E57 /* Build configuration list for PBXNativeTarget "UsingBraintreeWithSwiftTests" */ = {
			isa = XCConfigurationList;
			buildConfigurations = (
				7E610FBC1B13D841008E2E57 /* Debug */,
				7E610FBD1B13D841008E2E57 /* Release */,
			);
			defaultConfigurationIsVisible = 0;
			defaultConfigurationName = Release;
		};
/* End XCConfigurationList section */
	};
	rootObject = 7E610F911B13D841008E2E57 /* Project object */;
}
